
Microsoft Visual Studio Solution File, Format Version 12.00
# Visual Studio Version 16
VisualStudioVersion = 16.0.29519.181
MinimumVisualStudioVersion = 10.0.40219.1
Project("{FAE04EC0-301F-11D3-BF4B-00C04F79EFBC}") = "Spamdetector", "Spamdetector\Spamdetector.csproj", "{005176B4-4DF3-462D-AA2C-F9ED76B58A34}"
EndProject
Project("{9A19103F-16F7-4668-BE54-9A1E7A4F7556}") = "SpamdetectorML.Model", "SpamdetectorML.Model\SpamdetectorML.Model.csproj", "{1CA2224A-1FAF-448C-B961-F5845C57F8FA}"
EndProject
Project("{9A19103F-16F7-4668-BE54-9A1E7A4F7556}") = "SpamdetectorML.ConsoleApp", "SpamdetectorML.ConsoleApp\SpamdetectorML.ConsoleApp.csproj", "{9FA82ABA-7DB5-47B0-8136-1B656488D0BE}"
EndProject
Global
	GlobalSection(SolutionConfigurationPlatforms) = preSolution
		Debug|Any CPU = Debug|Any CPU
		Release|Any CPU = Release|Any CPU
	EndGlobalSection
	GlobalSection(ProjectConfigurationPlatforms) = postSolution
		{005176B4-4DF3-462D-AA2C-F9ED76B58A34}.Debug|Any CPU.ActiveCfg = Debug|Any CPU
		{005176B4-4DF3-462D-AA2C-F9ED76B58A34}.Debug|Any CPU.Build.0 = Debug|Any CPU
		{005176B4-4DF3-462D-AA2C-F9ED76B58A34}.Release|Any CPU.ActiveCfg = Release|Any CPU
		{005176B4-4DF3-462D-AA2C-F9ED76B58A34}.Release|Any CPU.Build.0 = Release|Any CPU
		{1CA2224A-1FAF-448C-B961-F5845C57F8FA}.Debug|Any CPU.ActiveCfg = Debug|Any CPU
		{1CA2224A-1FAF-448C-B961-F5845C57F8FA}.Debug|Any CPU.Build.0 = Debug|Any CPU
		{1CA2224A-1FAF-448C-B961-F5845C57F8FA}.Release|Any CPU.ActiveCfg = Release|Any CPU
		{1CA2224A-1FAF-448C-B961-F5845C57F8FA}.Release|Any CPU.Build.0 = Release|Any CPU
		{9FA82ABA-7DB5-47B0-8136-1B656488D0BE}.Debug|Any CPU.ActiveCfg = Debug|Any CPU
		{9FA82ABA-7DB5-47B0-8136-1B656488D0BE}.Debug|Any CPU.Build.0 = Debug|Any CPU
		{9FA82ABA-7DB5-47B0-8136-1B656488D0BE}.Release|Any CPU.ActiveCfg = Release|Any CPU
		{9FA82ABA-7DB5-47B0-8136-1B656488D0BE}.Release|Any CPU.Build.0 = Release|Any CPU
	EndGlobalSection
	GlobalSection(SolutionProperties) = preSolution
		HideSolutionNode = FALSE
	EndGlobalSection
	GlobalSection(ExtensibilityGlobals) = postSolution
		SolutionGuid = {63D86D18-35C3-4DBF-B01A-F2D3D8AAEAD8}
	EndGlobalSection
EndGlobal
